// !$*UTF8*$!
{
	archiveVersion = 1;
	classes = {
	};
	objectVersion = 77;
	objects = {

/* Begin PBXContainerItemProxy section */
		8BE1F0312E0D8C9A009FAE72 /* PBXContainerItemProxy */ = {
			isa = PBXContainerItemProxy;
			containerPortal = 8BE1F0122E0D8C99009FAE72 /* Project object */;
			proxyType = 1;
			remoteGlobalIDString = 8BE1F0192E0D8C99009FAE72;
			remoteInfo = MiniCountryApp;
		};
		8BE1F03B2E0D8C9A009FAE72 /* PBXContainerItemProxy */ = {
			isa = PBXContainerItemProxy;
			containerPortal = 8BE1F0122E0D8C99009FAE72 /* Project object */;
			proxyType = 1;
			remoteGlobalIDString = 8BE1F0192E0D8C99009FAE72;
			remoteInfo = MiniCountryApp;
		};
/* End PBXContainerItemProxy section */

/* Begin PBXFileReference section */
		8BE1F01A2E0D8C99009FAE72 /* MiniCountryApp.app */ = {isa = PBXFileReference; explicitFileType = wrapper.application; includeInIndex = 0; path = MiniCountryApp.app; sourceTree = BUILT_PRODUCTS_DIR; };
		8BE1F0302E0D8C9A009FAE72 /* MiniCountryAppTests.xctest */ = {isa = PBXFileReference; explicitFileType = wrapper.cfbundle; includeInIndex = 0; path = MiniCountryAppTests.xctest; sourceTree = BUILT_PRODUCTS_DIR; };
		8BE1F03A2E0D8C9A009FAE72 /* MiniCountryAppUITests.xctest */ = {isa = PBXFileReference; explicitFileType = wrapper.cfbundle; includeInIndex = 0; path = MiniCountryAppUITests.xctest; sourceTree = BUILT_PRODUCTS_DIR; };
/* End PBXFileReference section */

/* Begin PBXFileSystemSynchronizedBuildFileExceptionSet section */
		8BE1F0422E0D8C9A009FAE72 /* Exceptions for "MiniCountryApp" folder in "MiniCountryApp" target */ = {
			isa = PBXFileSystemSynchronizedBuildFileExceptionSet;
			membershipExceptions = (
				Info.plist,
			);
			target = 8BE1F0192E0D8C99009FAE72 /* MiniCountryApp */;
		};
/* End PBXFileSystemSynchronizedBuildFileExceptionSet section */

/* Begin PBXFileSystemSynchronizedRootGroup section */
		8BE1F01C2E0D8C99009FAE72 /* MiniCountryApp */ = {
			isa = PBXFileSystemSynchronizedRootGroup;
			exceptions = (
				8BE1F0422E0D8C9A009FAE72 /* Exceptions for "MiniCountryApp" folder in "MiniCountryApp" target */,
			);
			path = MiniCountryApp;
			sourceTree = "<group>";
		};
		8BE1F0332E0D8C9A009FAE72 /* MiniCountryAppTests */ = {
			isa = PBXFileSystemSynchronizedRootGroup;
			path = MiniCountryAppTests;
			sourceTree = "<group>";
		};
		8BE1F03D2E0D8C9A009FAE72 /* MiniCountryAppUITests */ = {
			isa = PBXFileSystemSynchronizedRootGroup;
			path = MiniCountryAppUITests;
			sourceTree = "<group>";
		};
/* End PBXFileSystemSynchronizedRootGroup section */

/* Begin PBXFrameworksBuildPhase section */
		8BE1F0172E0D8C99009FAE72 /* Frameworks */ = {
			isa = PBXFrameworksBuildPhase;
			buildActionMask = 2147483647;
			files = (
			);
			runOnlyForDeploymentPostprocessing = 0;
		};
		8BE1F02D2E0D8C9A009FAE72 /* Frameworks */ = {
			isa = PBXFrameworksBuildPhase;
			buildActionMask = 2147483647;
			files = (
			);
			runOnlyForDeploymentPostprocessing = 0;
		};
		8BE1F0372E0D8C9A009FAE72 /* Frameworks */ = {
			isa = PBXFrameworksBuildPhase;
			buildActionMask = 2147483647;
			files = (
			);
			runOnlyForDeploymentPostprocessing = 0;
		};
/* End PBXFrameworksBuildPhase section */

/* Begin PBXGroup section */
		8BE1F0112E0D8C99009FAE72 = {
			isa = PBXGroup;
			children = (
				8BE1F01C2E0D8C99009FAE72 /* MiniCountryApp */,
				8BE1F0332E0D8C9A009FAE72 /* MiniCountryAppTests */,
				8BE1F03D2E0D8C9A009FAE72 /* MiniCountryAppUITests */,
				8BE1F01B2E0D8C99009FAE72 /* Products */,
			);
			sourceTree = "<group>";
		};
		8BE1F01B2E0D8C99009FAE72 /* Products */ = {
			isa = PBXGroup;
			children = (
				8BE1F01A2E0D8C99009FAE72 /* MiniCountryApp.app */,
				8BE1F0302E0D8C9A009FAE72 /* MiniCountryAppTests.xctest */,
				8BE1F03A2E0D8C9A009FAE72 /* MiniCountryAppUITests.xctest */,
			);
			name = Products;
			sourceTree = "<group>";
		};
/* End PBXGroup section */

/* Begin PBXNativeTarget section */
		8BE1F0192E0D8C99009FAE72 /* MiniCountryApp */ = {
			isa = PBXNativeTarget;
			buildConfigurationList = 8BE1F0432E0D8C9A009FAE72 /* Build configuration list for PBXNativeTarget "MiniCountryApp" */;
			buildPhases = (
				8BE1F0162E0D8C99009FAE72 /* Sources */,
				8BE1F0172E0D8C99009FAE72 /* Frameworks */,
				8BE1F0182E0D8C99009FAE72 /* Resources */,
			);
			buildRules = (
			);
			dependencies = (
			);
			fileSystemSynchronizedGroups = (
				8BE1F01C2E0D8C99009FAE72 /* MiniCountryApp */,
			);
			name = MiniCountryApp;
			packageProductDependencies = (
			);
			productName = MiniCountryApp;
			productReference = 8BE1F01A2E0D8C99009FAE72 /* MiniCountryApp.app */;
			productType = "com.apple.product-type.application";
		};
		8BE1F02F2E0D8C9A009FAE72 /* MiniCountryAppTests */ = {
			isa = PBXNativeTarget;
			buildConfigurationList = 8BE1F0482E0D8C9A009FAE72 /* Build configuration list for PBXNativeTarget "MiniCountryAppTests" */;
			buildPhases = (
				8BE1F02C2E0D8C9A009FAE72 /* Sources */,
				8BE1F02D2E0D8C9A009FAE72 /* Frameworks */,
				8BE1F02E2E0D8C9A009FAE72 /* Resources */,
			);
			buildRules = (
			);
			dependencies = (
				8BE1F0322E0D8C9A009FAE72 /* PBXTargetDependency */,
			);
			fileSystemSynchronizedGroups = (
				8BE1F0332E0D8C9A009FAE72 /* MiniCountryAppTests */,
			);
			name = MiniCountryAppTests;
			packageProductDependencies = (
			);
			productName = MiniCountryAppTests;
			productReference = 8BE1F0302E0D8C9A009FAE72 /* MiniCountryAppTests.xctest */;
			productType = "com.apple.product-type.bundle.unit-test";
		};
		8BE1F0392E0D8C9A009FAE72 /* MiniCountryAppUITests */ = {
			isa = PBXNativeTarget;
			buildConfigurationList = 8BE1F04B2E0D8C9A009FAE72 /* Build configuration list for PBXNativeTarget "MiniCountryAppUITests" */;
			buildPhases = (
				8BE1F0362E0D8C9A009FAE72 /* Sources */,
				8BE1F0372E0D8C9A009FAE72 /* Frameworks */,
				8BE1F0382E0D8C9A009FAE72 /* Resources */,
			);
			buildRules = (
			);
			dependencies = (
				8BE1F03C2E0D8C9A009FAE72 /* PBXTargetDependency */,
			);
			fileSystemSynchronizedGroups = (
				8BE1F03D2E0D8C9A009FAE72 /* MiniCountryAppUITests */,
			);
			name = MiniCountryAppUITests;
			packageProductDependencies = (
			);
			productName = MiniCountryAppUITests;
			productReference = 8BE1F03A2E0D8C9A009FAE72 /* MiniCountryAppUITests.xctest */;
			productType = "com.apple.product-type.bundle.ui-testing";
		};
/* End PBXNativeTarget section */

/* Begin PBXProject section */
		8BE1F0122E0D8C99009FAE72 /* Project object */ = {
			isa = PBXProject;
			attributes = {
				BuildIndependentTargetsInParallel = 1;
				LastSwiftUpdateCheck = 1640;
				LastUpgradeCheck = 1640;
				TargetAttributes = {
					8BE1F0192E0D8C99009FAE72 = {
						CreatedOnToolsVersion = 16.4;
					};
					8BE1F02F2E0D8C9A009FAE72 = {
						CreatedOnToolsVersion = 16.4;
						TestTargetID = 8BE1F0192E0D8C99009FAE72;
					};
					8BE1F0392E0D8C9A009FAE72 = {
						CreatedOnToolsVersion = 16.4;
						TestTargetID = 8BE1F0192E0D8C99009FAE72;
					};
				};
			};
			buildConfigurationList = 8BE1F0152E0D8C99009FAE72 /* Build configuration list for PBXProject "MiniCountryApp" */;
			developmentRegion = en;
			hasScannedForEncodings = 0;
			knownRegions = (
				en,
				Base,
			);
			mainGroup = 8BE1F0112E0D8C99009FAE72;
			minimizedProjectReferenceProxies = 1;
			preferredProjectObjectVersion = 77;
			productRefGroup = 8BE1F01B2E0D8C99009FAE72 /* Products */;
			projectDirPath = "";
			projectRoot = "";
			targets = (
				8BE1F0192E0D8C99009FAE72 /* MiniCountryApp */,
				8BE1F02F2E0D8C9A009FAE72 /* MiniCountryAppTests */,
				8BE1F0392E0D8C9A009FAE72 /* MiniCountryAppUITests */,
			);
		};
/* End PBXProject section */

/* Begin PBXResourcesBuildPhase section */
		8BE1F0182E0D8C99009FAE72 /* Resources */ = {
			isa = PBXResourcesBuildPhase;
			buildActionMask = 2147483647;
			files = (
			);
			runOnlyForDeploymentPostprocessing = 0;
		};
		8BE1F02E2E0D8C9A009FAE72 /* Resources */ = {
			isa = PBXResourcesBuildPhase;
			buildActionMask = 2147483647;
			files = (
			);
			runOnlyForDeploymentPostprocessing = 0;
		};
		8BE1F0382E0D8C9A009FAE72 /* Resources */ = {
			isa = PBXResourcesBuildPhase;
			buildActionMask = 2147483647;
			files = (
			);
			runOnlyForDeploymentPostprocessing = 0;
		};
/* End PBXResourcesBuildPhase section */

/* Begin PBXSourcesBuildPhase section */
		8BE1F0162E0D8C99009FAE72 /* Sources */ = {
			isa = PBXSourcesBuildPhase;
			buildActionMask = 2147483647;
			files = (
			);
			runOnlyForDeploymentPostprocessing = 0;
		};
		8BE1F02C2E0D8C9A009FAE72 /* Sources */ = {
			isa = PBXSourcesBuildPhase;
			buildActionMask = 2147483647;
			files = (
			);
			runOnlyForDeploymentPostprocessing = 0;
		};
		8BE1F0362E0D8C9A009FAE72 /* Sources */ = {
			isa = PBXSourcesBuildPhase;
			buildActionMask = 2147483647;
			files = (
			);
			runOnlyForDeploymentPostprocessing = 0;
		};
/* End PBXSourcesBuildPhase section */

/* Begin PBXTargetDependency section */
		8BE1F0322E0D8C9A009FAE72 /* PBXTargetDependency */ = {
			isa = PBXTargetDependency;
			target = 8BE1F0192E0D8C99009FAE72 /* MiniCountryApp */;
			targetProxy = 8BE1F0312E0D8C9A009FAE72 /* PBXContainerItemProxy */;
		};
		8BE1F03C2E0D8C9A009FAE72 /* PBXTargetDependency */ = {
			isa = PBXTargetDependency;
			target = 8BE1F0192E0D8C99009FAE72 /* MiniCountryApp */;
			targetProxy = 8BE1F03B2E0D8C9A009FAE72 /* PBXContainerItemProxy */;
		};
/* End PBXTargetDependency section */

/* Begin XCBuildConfiguration section */
		8BE1F0442E0D8C9A009FAE72 /* Debug */ = {
			isa = XCBuildConfiguration;
			buildSettings = {
				ASSETCATALOG_COMPILER_APPICON_NAME = AppIcon;
				ASSETCATALOG_COMPILER_GLOBAL_ACCENT_COLOR_NAME = AccentColor;
				CODE_SIGN_STYLE = Automatic;
				CURRENT_PROJECT_VERSION = 1;
				GENERATE_INFOPLIST_FILE = YES;
				INFOPLIST_FILE = MiniCountryApp/Info.plist;
				INFOPLIST_KEY_UIApplicationSupportsIndirectInputEvents = YES;
				INFOPLIST_KEY_UILaunchStoryboardName = LaunchScreen;
				INFOPLIST_KEY_UIMainStoryboardFile = Main;
				INFOPLIST_KEY_UISupportedInterfaceOrientations_iPad = "UIInterfaceOrientationPortrait UIInterfaceOrientationPortraitUpsideDown UIInterfaceOrientationLandscapeLeft UIInterfaceOrientationLandscapeRight";
				INFOPLIST_KEY_UISupportedInterfaceOrientations_iPhone = "UIInterfaceOrientationPortrait UIInterfaceOrientationLandscapeLeft UIInterfaceOrientationLandscapeRight";
				IPHONEOS_DEPLOYMENT_TARGET = 16.6;
				LD_RUNPATH_SEARCH_PATHS = (
					"$(inherited)",
					"@executable_path/Frameworks",
				);
				MARKETING_VERSION = 1.0;
				PRODUCT_BUNDLE_IDENTIFIER = com.ho.MiniCountryApp;
				PRODUCT_NAME = "$(TARGET_NAME)";
				SWIFT_EMIT_LOC_STRINGS = YES;
				SWIFT_VERSION = 5.0;
				TARGETED_DEVICE_FAMILY = "1,2";
			};
			name = Debug;
		};
		8BE1F0452E0D8C9A009FAE72 /* Release */ = {
			isa = XCBuildConfiguration;
			buildSettings = {
				ASSETCATALOG_COMPILER_APPICON_NAME = AppIcon;
				ASSETCATALOG_COMPILER_GLOBAL_ACCENT_COLOR_NAME = AccentColor;
				CODE_SIGN_STYLE = Automatic;
				CURRENT_PROJECT_VERSION = 1;
				GENERATE_INFOPLIST_FILE = YES;
				INFOPLIST_FILE = MiniCountryApp/Info.plist;
				INFOPLIST_KEY_UIApplicationSupportsIndirectInputEvents = YES;
				INFOPLIST_KEY_UILaunchStoryboardName = LaunchScreen;
				INFOPLIST_KEY_UIMainStoryboardFile = Main;
				INFOPLIST_KEY_UISupportedInterfaceOrientations_iPad = "UIInterfaceOrientationPortrait UIInterfaceOrientationPortraitUpsideDown UIInterfaceOrientationLandscapeLeft UIInterfaceOrientationLandscapeRight";
				INFOPLIST_KEY_UISupportedInterfaceOrientations_iPhone = "UIInterfaceOrientationPortrait UIInterfaceOrientationLandscapeLeft UIInterfaceOrientationLandscapeRight";
				IPHONEOS_DEPLOYMENT_TARGET = 16.6;
				LD_RUNPATH_SEARCH_PATHS = (
					"$(inherited)",
					"@executable_path/Frameworks",
				);
				MARKETING_VERSION = 1.0;
				PRODUCT_BUNDLE_IDENTIFIER = com.ho.MiniCountryApp;
				PRODUCT_NAME = "$(TARGET_NAME)";
				SWIFT_EMIT_LOC_STRINGS = YES;
				SWIFT_VERSION = 5.0;
				TARGETED_DEVICE_FAMILY = "1,2";
			};
			name = Release;
		};
		8BE1F0462E0D8C9A009FAE72 /* Debug */ = {
			isa = XCBuildConfiguration;
			buildSettings = {
				ALWAYS_SEARCH_USER_PATHS = NO;
				ASSETCATALOG_COMPILER_GENERATE_SWIFT_ASSET_SYMBOL_EXTENSIONS = YES;
				CLANG_ANALYZER_NONNULL = YES;
				CLANG_ANALYZER_NUMBER_OBJECT_CONVERSION = YES_AGGRESSIVE;
				CLANG_CXX_LANGUAGE_STANDARD = "gnu++20";
				CLANG_ENABLE_MODULES = YES;
				CLANG_ENABLE_OBJC_ARC = YES;
				CLANG_ENABLE_OBJC_WEAK = YES;
				CLANG_WARN_BLOCK_CAPTURE_AUTORELEASING = YES;
				CLANG_WARN_BOOL_CONVERSION = YES;
				CLANG_WARN_COMMA = YES;
				CLANG_WARN_CONSTANT_CONVERSION = YES;
				CLANG_WARN_DEPRECATED_OBJC_IMPLEMENTATIONS = YES;
				CLANG_WARN_DIRECT_OBJC_ISA_USAGE = YES_ERROR;
				CLANG_WARN_DOCUMENTATION_COMMENTS = YES;
				CLANG_WARN_EMPTY_BODY = YES;
				CLANG_WARN_ENUM_CONVERSION = YES;
				CLANG_WARN_INFINITE_RECURSION = YES;
				CLANG_WARN_INT_CONVERSION = YES;
				CLANG_WARN_NON_LITERAL_NULL_CONVERSION = YES;
				CLANG_WARN_OBJC_IMPLICIT_RETAIN_SELF = YES;
				CLANG_WARN_OBJC_LITERAL_CONVERSION = YES;
				CLANG_WARN_OBJC_ROOT_CLASS = YES_ERROR;
				CLANG_WARN_QUOTED_INCLUDE_IN_FRAMEWORK_HEADER = YES;
				CLANG_WARN_RANGE_LOOP_ANALYSIS = YES;
				CLANG_WARN_STRICT_PROTOTYPES = YES;
				CLANG_WARN_SUSPICIOUS_MOVE = YES;
				CLANG_WARN_UNGUARDED_AVAILABILITY = YES_AGGRESSIVE;
				CLANG_WARN_UNREACHABLE_CODE = YES;
				CLANG_WARN__DUPLICATE_METHOD_MATCH = YES;
				COPY_PHASE_STRIP = NO;
				DEBUG_INFORMATION_FORMAT = dwarf;
				ENABLE_STRICT_OBJC_MSGSEND = YES;
				ENABLE_TESTABILITY = YES;
				ENABLE_USER_SCRIPT_SANDBOXING = YES;
				GCC_C_LANGUAGE_STANDARD = gnu17;
				GCC_DYNAMIC_NO_PIC = NO;
				GCC_NO_COMMON_BLOCKS = YES;
				GCC_OPTIMIZATION_LEVEL = 0;
				GCC_PREPROCESSOR_DEFINITIONS = (
					"DEBUG=1",
					"$(inherited)",
				);
				GCC_WARN_64_TO_32_BIT_CONVERSION = YES;
				GCC_WARN_ABOUT_RETURN_TYPE = YES_ERROR;
				GCC_WARN_UNDECLARED_SELECTOR = YES;
				GCC_WARN_UNINITIALIZED_AUTOS = YES_AGGRESSIVE;
				GCC_WARN_UNUSED_FUNCTION = YES;
				GCC_WARN_UNUSED_VARIABLE = YES;
				IPHONEOS_DEPLOYMENT_TARGET = 18.5;
				LOCALIZATION_PREFERS_STRING_CATALOGS = YES;
				MTL_ENABLE_DEBUG_INFO = INCLUDE_SOURCE;
				MTL_FAST_MATH = YES;
				ONLY_ACTIVE_ARCH = YES;
				SDKROOT = iphoneos;
				SWIFT_ACTIVE_COMPILATION_CONDITIONS = "DEBUG $(inherited)";
				SWIFT_OPTIMIZATION_LEVEL = "-Onone";
			};
			name = Debug;
		};
		8BE1F0472E0D8C9A009FAE72 /* Release */ = {
			isa = XCBuildConfiguration;
			buildSettings = {
				ALWAYS_SEARCH_USER_PATHS = NO;
				ASSETCATALOG_COMPILER_GENERATE_SWIFT_ASSET_SYMBOL_EXTENSIONS = YES;
				CLANG_ANALYZER_NONNULL = YES;
				CLANG_ANALYZER_NUMBER_OBJECT_CONVERSION = YES_AGGRESSIVE;
				CLANG_CXX_LANGUAGE_STANDARD = "gnu++20";
				CLANG_ENABLE_MODULES = YES;
				CLANG_ENABLE_OBJC_ARC = YES;
				CLANG_ENABLE_OBJC_WEAK = YES;
				CLANG_WARN_BLOCK_CAPTURE_AUTORELEASING = YES;
				CLANG_WARN_BOOL_CONVERSION = YES;
				CLANG_WARN_COMMA = YES;
				CLANG_WARN_CONSTANT_CONVERSION = YES;
				CLANG_WARN_DEPRECATED_OBJC_IMPLEMENTATIONS = YES;
				CLANG_WARN_DIRECT_OBJC_ISA_USAGE = YES_ERROR;
				CLANG_WARN_DOCUMENTATION_COMMENTS = YES;
				CLANG_WARN_EMPTY_BODY = YES;
				CLANG_WARN_ENUM_CONVERSION = YES;
				CLANG_WARN_INFINITE_RECURSION = YES;
				CLANG_WARN_INT_CONVERSION = YES;
				CLANG_WARN_NON_LITERAL_NULL_CONVERSION = YES;
				CLANG_WARN_OBJC_IMPLICIT_RETAIN_SELF = YES;
				CLANG_WARN_OBJC_LITERAL_CONVERSION = YES;
				CLANG_WARN_OBJC_ROOT_CLASS = YES_ERROR;
				CLANG_WARN_QUOTED_INCLUDE_IN_FRAMEWORK_HEADER = YES;
				CLANG_WARN_RANGE_LOOP_ANALYSIS = YES;
				CLANG_WARN_STRICT_PROTOTYPES = YES;
				CLANG_WARN_SUSPICIOUS_MOVE = YES;
				CLANG_WARN_UNGUARDED_AVAILABILITY = YES_AGGRESSIVE;
				CLANG_WARN_UNREACHABLE_CODE = YES;
				CLANG_WARN__DUPLICATE_METHOD_MATCH = YES;
				COPY_PHASE_STRIP = NO;
				DEBUG_INFORMATION_FORMAT = "dwarf-with-dsym";
				ENABLE_NS_ASSERTIONS = NO;
				ENABLE_STRICT_OBJC_MSGSEND = YES;
				ENABLE_USER_SCRIPT_SANDBOXING = YES;
				GCC_C_LANGUAGE_STANDARD = gnu17;
				GCC_NO_COMMON_BLOCKS = YES;
				GCC_WARN_64_TO_32_BIT_CONVERSION = YES;
				GCC_WARN_ABOUT_RETURN_TYPE = YES_ERROR;
				GCC_WARN_UNDECLARED_SELECTOR = YES;
				GCC_WARN_UNINITIALIZED_AUTOS = YES_AGGRESSIVE;
				GCC_WARN_UNUSED_FUNCTION = YES;
				GCC_WARN_UNUSED_VARIABLE = YES;
				IPHONEOS_DEPLOYMENT_TARGET = 18.5;
				LOCALIZATION_PREFERS_STRING_CATALOGS = YES;
				MTL_ENABLE_DEBUG_INFO = NO;
				MTL_FAST_MATH = YES;
				SDKROOT = iphoneos;
				SWIFT_COMPILATION_MODE = wholemodule;
				VALIDATE_PRODUCT = YES;
			};
			name = Release;
		};
		8BE1F0492E0D8C9A009FAE72 /* Debug */ = {
			isa = XCBuildConfiguration;
			buildSettings = {
				BUNDLE_LOADER = "$(TEST_HOST)";
				CODE_SIGN_STYLE = Automatic;
				CURRENT_PROJECT_VERSION = 1;
				GENERATE_INFOPLIST_FILE = YES;
				IPHONEOS_DEPLOYMENT_TARGET = 18.5;
				MARKETING_VERSION = 1.0;
				PRODUCT_BUNDLE_IDENTIFIER = com.ho.MiniCountryAppTests;
				PRODUCT_NAME = "$(TARGET_NAME)";
				SWIFT_EMIT_LOC_STRINGS = NO;
				SWIFT_VERSION = 5.0;
				TARGETED_DEVICE_FAMILY = "1,2";
				TEST_HOST = "$(BUILT_PRODUCTS_DIR)/MiniCountryApp.app/$(BUNDLE_EXECUTABLE_FOLDER_PATH)/MiniCountryApp";
			};
			name = Debug;
		};
		8BE1F04A2E0D8C9A009FAE72 /* Release */ = {
			isa = XCBuildConfiguration;
			buildSettings = {
				BUNDLE_LOADER = "$(TEST_HOST)";
				CODE_SIGN_STYLE = Automatic;
				CURRENT_PROJECT_VERSION = 1;
				GENERATE_INFOPLIST_FILE = YES;
				IPHONEOS_DEPLOYMENT_TARGET = 18.5;
				MARKETING_VERSION = 1.0;
				PRODUCT_BUNDLE_IDENTIFIER = com.ho.MiniCountryAppTests;
				PRODUCT_NAME = "$(TARGET_NAME)";
				SWIFT_EMIT_LOC_STRINGS = NO;
				SWIFT_VERSION = 5.0;
				TARGETED_DEVICE_FAMILY = "1,2";
				TEST_HOST = "$(BUILT_PRODUCTS_DIR)/MiniCountryApp.app/$(BUNDLE_EXECUTABLE_FOLDER_PATH)/MiniCountryApp";
			};
			name = Release;
		};
		8BE1F04C2E0D8C9A009FAE72 /* Debug */ = {
			isa = XCBuildConfiguration;
			buildSettings = {
				CODE_SIGN_STYLE = Automatic;
				CURRENT_PROJECT_VERSION = 1;
				GENERATE_INFOPLIST_FILE = YES;
				MARKETING_VERSION = 1.0;
				PRODUCT_BUNDLE_IDENTIFIER = com.ho.MiniCountryAppUITests;
				PRODUCT_NAME = "$(TARGET_NAME)";
				SWIFT_EMIT_LOC_STRINGS = NO;
				SWIFT_VERSION = 5.0;
				TARGETED_DEVICE_FAMILY = "1,2";
				TEST_TARGET_NAME = MiniCountryApp;
			};
			name = Debug;
		};
		8BE1F04D2E0D8C9A009FAE72 /* Release */ = {
			isa = XCBuildConfiguration;
			buildSettings = {
				CODE_SIGN_STYLE = Automatic;
				CURRENT_PROJECT_VERSION = 1;
				GENERATE_INFOPLIST_FILE = YES;
				MARKETING_VERSION = 1.0;
				PRODUCT_BUNDLE_IDENTIFIER = com.ho.MiniCountryAppUITests;
				PRODUCT_NAME = "$(TARGET_NAME)";
				SWIFT_EMIT_LOC_STRINGS = NO;
				SWIFT_VERSION = 5.0;
				TARGETED_DEVICE_FAMILY = "1,2";
				TEST_TARGET_NAME = MiniCountryApp;
			};
			name = Release;
		};
/* End XCBuildConfiguration section */

/* Begin XCConfigurationList section */
		8BE1F0152E0D8C99009FAE72 /* Build configuration list for PBXProject "MiniCountryApp" */ = {
			isa = XCConfigurationList;
			buildConfigurations = (
				8BE1F0462E0D8C9A009FAE72 /* Debug */,
				8BE1F0472E0D8C9A009FAE72 /* Release */,
			);
			defaultConfigurationIsVisible = 0;
			defaultConfigurationName = Release;
		};
		8BE1F0432E0D8C9A009FAE72 /* Build configuration list for PBXNativeTarget "MiniCountryApp" */ = {
			isa = XCConfigurationList;
			buildConfigurations = (
				8BE1F0442E0D8C9A009FAE72 /* Debug */,
				8BE1F0452E0D8C9A009FAE72 /* Release */,
			);
			defaultConfigurationIsVisible = 0;
			defaultConfigurationName = Release;
		};
		8BE1F0482E0D8C9A009FAE72 /* Build configuration list for PBXNativeTarget "MiniCountryAppTests" */ = {
			isa = XCConfigurationList;
			buildConfigurations = (
				8BE1F0492E0D8C9A009FAE72 /* Debug */,
				8BE1F04A2E0D8C9A009FAE72 /* Release */,
			);
			defaultConfigurationIsVisible = 0;
			defaultConfigurationName = Release;
		};
		8BE1F04B2E0D8C9A009FAE72 /* Build configuration list for PBXNativeTarget "MiniCountryAppUITests" */ = {
			isa = XCConfigurationList;
			buildConfigurations = (
				8BE1F04C2E0D8C9A009FAE72 /* Debug */,
				8BE1F04D2E0D8C9A009FAE72 /* Release */,
			);
			defaultConfigurationIsVisible = 0;
			defaultConfigurationName = Release;
		};
/* End XCConfigurationList section */
	};
	rootObject = 8BE1F0122E0D8C99009FAE72 /* Project object */;
}
